
Microsoft Visual Studio Solution File, Format Version 12.00
# Visual Studio 15
VisualStudioVersion = 15.0.27703.2042
MinimumVisualStudioVersion = 10.0.40219.1
Project("{FAE04EC0-301F-11D3-BF4B-00C04F79EFBC}") = "XiaLM.Tool450", "XiaLM.Tool450\XiaLM.Tool450.csproj", "{E4BFD6BC-1F1F-4D77-85EC-5CA400E3B368}"
EndProject
Project("{FAE04EC0-301F-11D3-BF4B-00C04F79EFBC}") = "XiaLM.Tool461", "XiaLM.Tool461\XiaLM.Tool461.csproj", "{010318E8-A803-4D07-A1F8-072D42BB1886}"
EndProject
Project("{FAE04EC0-301F-11D3-BF4B-00C04F79EFBC}") = "XiaLM.Tcp", "XiaLM.Tcp\XiaLM.Tcp.csproj", "{13F73404-1A3A-4087-996C-1FA8684A9C12}"
EndProject
Project("{FAE04EC0-301F-11D3-BF4B-00C04F79EFBC}") = "XiaLM.Owin", "XiaLM.Owin\XiaLM.Owin.csproj", "{8C6B231E-9485-44BD-81FE-7AF983BE091A}"
EndProject
Global
	GlobalSection(SolutionConfigurationPlatforms) = preSolution
		Debug|Any CPU = Debug|Any CPU
		Release|Any CPU = Release|Any CPU
	EndGlobalSection
	GlobalSection(ProjectConfigurationPlatforms) = postSolution
		{E4BFD6BC-1F1F-4D77-85EC-5CA400E3B368}.Debug|Any CPU.ActiveCfg = Debug|Any CPU
		{E4BFD6BC-1F1F-4D77-85EC-5CA400E3B368}.Debug|Any CPU.Build.0 = Debug|Any CPU
		{E4BFD6BC-1F1F-4D77-85EC-5CA400E3B368}.Release|Any CPU.ActiveCfg = Release|Any CPU
		{E4BFD6BC-1F1F-4D77-85EC-5CA400E3B368}.Release|Any CPU.Build.0 = Release|Any CPU
		{010318E8-A803-4D07-A1F8-072D42BB1886}.Debug|Any CPU.ActiveCfg = Debug|Any CPU
		{010318E8-A803-4D07-A1F8-072D42BB1886}.Debug|Any CPU.Build.0 = Debug|Any CPU
		{010318E8-A803-4D07-A1F8-072D42BB1886}.Release|Any CPU.ActiveCfg = Release|Any CPU
		{010318E8-A803-4D07-A1F8-072D42BB1886}.Release|Any CPU.Build.0 = Release|Any CPU
		{13F73404-1A3A-4087-996C-1FA8684A9C12}.Debug|Any CPU.ActiveCfg = Debug|Any CPU
		{13F73404-1A3A-4087-996C-1FA8684A9C12}.Debug|Any CPU.Build.0 = Debug|Any CPU
		{13F73404-1A3A-4087-996C-1FA8684A9C12}.Release|Any CPU.ActiveCfg = Release|Any CPU
		{13F73404-1A3A-4087-996C-1FA8684A9C12}.Release|Any CPU.Build.0 = Release|Any CPU
		{8C6B231E-9485-44BD-81FE-7AF983BE091A}.Debug|Any CPU.ActiveCfg = Debug|Any CPU
		{8C6B231E-9485-44BD-81FE-7AF983BE091A}.Debug|Any CPU.Build.0 = Debug|Any CPU
		{8C6B231E-9485-44BD-81FE-7AF983BE091A}.Release|Any CPU.ActiveCfg = Release|Any CPU
		{8C6B231E-9485-44BD-81FE-7AF983BE091A}.Release|Any CPU.Build.0 = Release|Any CPU
	EndGlobalSection
	GlobalSection(SolutionProperties) = preSolution
		HideSolutionNode = FALSE
	EndGlobalSection
	GlobalSection(ExtensibilityGlobals) = postSolution
		SolutionGuid = {95AB41A6-7899-42E0-8683-988107E814C1}
	EndGlobalSection
EndGlobal
