
Microsoft Visual Studio Solution File, Format Version 12.00
# Visual Studio 15
VisualStudioVersion = 15.0.27703.2042
MinimumVisualStudioVersion = 10.0.40219.1
Project("{FAE04EC0-301F-11D3-BF4B-00C04F79EFBC}") = "XiaLM.Tool450", "XiaLM.Tool450\XiaLM.Tool450.csproj", "{E4BFD6BC-1F1F-4D77-85EC-5CA400E3B368}"
EndProject
Project("{FAE04EC0-301F-11D3-BF4B-00C04F79EFBC}") = "XiaLM.Tool461", "XiaLM.Tool461\XiaLM.Tool461.csproj", "{010318E8-A803-4D07-A1F8-072D42BB1886}"
EndProject
Project("{FAE04EC0-301F-11D3-BF4B-00C04F79EFBC}") = "XiaLM.Tcp", "XiaLM.Tcp\XiaLM.Tcp.csproj", "{13F73404-1A3A-4087-996C-1FA8684A9C12}"
EndProject
Project("{FAE04EC0-301F-11D3-BF4B-00C04F79EFBC}") = "XiaLM.Owin", "XiaLM.Owin\XiaLM.Owin.csproj", "{8C6B231E-9485-44BD-81FE-7AF983BE091A}"
EndProject
Project("{FAE04EC0-301F-11D3-BF4B-00C04F79EFBC}") = "XiaLM.ConsoleTest", "XiaLM.ConsoleTest\XiaLM.ConsoleTest.csproj", "{315D868A-C07B-46DC-B2AB-CCB640855AF5}"
EndProject
Project("{FAE04EC0-301F-11D3-BF4B-00C04F79EFBC}") = "XiaLM.FormTest", "XiaLM.FormTest\XiaLM.FormTest.csproj", "{A5C5E7BF-A47E-4B16-9081-560F407B7ABF}"
EndProject
Project("{2150E333-8FDC-42A3-9474-1A3956D46DE8}") = "Utility", "Utility", "{6F9EFBFD-1F4B-4F54-87AC-ED86A0C28859}"
EndProject
Project("{FAE04EC0-301F-11D3-BF4B-00C04F79EFBC}") = "XiaLM.Log", "XiaLM.Log\XiaLM.Log.csproj", "{D80BC582-6AF3-42AC-B6F9-EE563E72A2C5}"
EndProject
Project("{FAE04EC0-301F-11D3-BF4B-00C04F79EFBC}") = "XiaLM.Logger", "XiaLM.Logger\XiaLM.Logger.csproj", "{669AE74A-2A4A-4632-B1FD-1FBB3A258295}"
EndProject
Project("{FAE04EC0-301F-11D3-BF4B-00C04F79EFBC}") = "XiaLM.FFMPEG", "XiaLM.FFMPEG\XiaLM.FFMPEG.csproj", "{A6485341-DF14-430E-B476-A30B612935D2}"
EndProject
Project("{FAE04EC0-301F-11D3-BF4B-00C04F79EFBC}") = "XiaLM.Ftp", "XiaLM.Ftp\XiaLM.Ftp.csproj", "{D4E9AF40-5FBB-46BC-BE0C-98C611A3E02B}"
EndProject
Project("{FAE04EC0-301F-11D3-BF4B-00C04F79EFBC}") = "XiaLM.Udp", "XiaLM.Udp\XiaLM.Udp.csproj", "{B846921D-2382-4A36-ACB2-FA84788ACEB5}"
EndProject
Project("{FAE04EC0-301F-11D3-BF4B-00C04F79EFBC}") = "XiaLM.WinFormControl", "XiaLM.WinFormControl\XiaLM.WinFormControl.csproj", "{4F2F2970-07E4-4203-8C4A-2BB40B421AD3}"
EndProject
Project("{FAE04EC0-301F-11D3-BF4B-00C04F79EFBC}") = "XiaLM.CAN", "XiaLM.CAN\XiaLM.CAN.csproj", "{E32EF263-7356-4CB6-BD70-1F1818511EFC}"
EndProject
Global
	GlobalSection(SolutionConfigurationPlatforms) = preSolution
		Debug|Any CPU = Debug|Any CPU
		Release|Any CPU = Release|Any CPU
	EndGlobalSection
	GlobalSection(ProjectConfigurationPlatforms) = postSolution
		{E4BFD6BC-1F1F-4D77-85EC-5CA400E3B368}.Debug|Any CPU.ActiveCfg = Debug|Any CPU
		{E4BFD6BC-1F1F-4D77-85EC-5CA400E3B368}.Debug|Any CPU.Build.0 = Debug|Any CPU
		{E4BFD6BC-1F1F-4D77-85EC-5CA400E3B368}.Release|Any CPU.ActiveCfg = Release|Any CPU
		{E4BFD6BC-1F1F-4D77-85EC-5CA400E3B368}.Release|Any CPU.Build.0 = Release|Any CPU
		{010318E8-A803-4D07-A1F8-072D42BB1886}.Debug|Any CPU.ActiveCfg = Debug|Any CPU
		{010318E8-A803-4D07-A1F8-072D42BB1886}.Debug|Any CPU.Build.0 = Debug|Any CPU
		{010318E8-A803-4D07-A1F8-072D42BB1886}.Release|Any CPU.ActiveCfg = Release|Any CPU
		{010318E8-A803-4D07-A1F8-072D42BB1886}.Release|Any CPU.Build.0 = Release|Any CPU
		{13F73404-1A3A-4087-996C-1FA8684A9C12}.Debug|Any CPU.ActiveCfg = Debug|Any CPU
		{13F73404-1A3A-4087-996C-1FA8684A9C12}.Debug|Any CPU.Build.0 = Debug|Any CPU
		{13F73404-1A3A-4087-996C-1FA8684A9C12}.Release|Any CPU.ActiveCfg = Release|Any CPU
		{13F73404-1A3A-4087-996C-1FA8684A9C12}.Release|Any CPU.Build.0 = Release|Any CPU
		{8C6B231E-9485-44BD-81FE-7AF983BE091A}.Debug|Any CPU.ActiveCfg = Debug|Any CPU
		{8C6B231E-9485-44BD-81FE-7AF983BE091A}.Debug|Any CPU.Build.0 = Debug|Any CPU
		{8C6B231E-9485-44BD-81FE-7AF983BE091A}.Release|Any CPU.ActiveCfg = Release|Any CPU
		{8C6B231E-9485-44BD-81FE-7AF983BE091A}.Release|Any CPU.Build.0 = Release|Any CPU
		{315D868A-C07B-46DC-B2AB-CCB640855AF5}.Debug|Any CPU.ActiveCfg = Debug|Any CPU
		{315D868A-C07B-46DC-B2AB-CCB640855AF5}.Debug|Any CPU.Build.0 = Debug|Any CPU
		{315D868A-C07B-46DC-B2AB-CCB640855AF5}.Release|Any CPU.ActiveCfg = Release|Any CPU
		{315D868A-C07B-46DC-B2AB-CCB640855AF5}.Release|Any CPU.Build.0 = Release|Any CPU
		{A5C5E7BF-A47E-4B16-9081-560F407B7ABF}.Debug|Any CPU.ActiveCfg = Debug|Any CPU
		{A5C5E7BF-A47E-4B16-9081-560F407B7ABF}.Debug|Any CPU.Build.0 = Debug|Any CPU
		{A5C5E7BF-A47E-4B16-9081-560F407B7ABF}.Release|Any CPU.ActiveCfg = Release|Any CPU
		{A5C5E7BF-A47E-4B16-9081-560F407B7ABF}.Release|Any CPU.Build.0 = Release|Any CPU
		{D80BC582-6AF3-42AC-B6F9-EE563E72A2C5}.Debug|Any CPU.ActiveCfg = Debug|Any CPU
		{D80BC582-6AF3-42AC-B6F9-EE563E72A2C5}.Debug|Any CPU.Build.0 = Debug|Any CPU
		{D80BC582-6AF3-42AC-B6F9-EE563E72A2C5}.Release|Any CPU.ActiveCfg = Release|Any CPU
		{D80BC582-6AF3-42AC-B6F9-EE563E72A2C5}.Release|Any CPU.Build.0 = Release|Any CPU
		{669AE74A-2A4A-4632-B1FD-1FBB3A258295}.Debug|Any CPU.ActiveCfg = Debug|Any CPU
		{669AE74A-2A4A-4632-B1FD-1FBB3A258295}.Debug|Any CPU.Build.0 = Debug|Any CPU
		{669AE74A-2A4A-4632-B1FD-1FBB3A258295}.Release|Any CPU.ActiveCfg = Release|Any CPU
		{669AE74A-2A4A-4632-B1FD-1FBB3A258295}.Release|Any CPU.Build.0 = Release|Any CPU
		{A6485341-DF14-430E-B476-A30B612935D2}.Debug|Any CPU.ActiveCfg = Debug|Any CPU
		{A6485341-DF14-430E-B476-A30B612935D2}.Debug|Any CPU.Build.0 = Debug|Any CPU
		{A6485341-DF14-430E-B476-A30B612935D2}.Release|Any CPU.ActiveCfg = Release|Any CPU
		{A6485341-DF14-430E-B476-A30B612935D2}.Release|Any CPU.Build.0 = Release|Any CPU
		{D4E9AF40-5FBB-46BC-BE0C-98C611A3E02B}.Debug|Any CPU.ActiveCfg = Debug|Any CPU
		{D4E9AF40-5FBB-46BC-BE0C-98C611A3E02B}.Debug|Any CPU.Build.0 = Debug|Any CPU
		{D4E9AF40-5FBB-46BC-BE0C-98C611A3E02B}.Release|Any CPU.ActiveCfg = Release|Any CPU
		{D4E9AF40-5FBB-46BC-BE0C-98C611A3E02B}.Release|Any CPU.Build.0 = Release|Any CPU
		{B846921D-2382-4A36-ACB2-FA84788ACEB5}.Debug|Any CPU.ActiveCfg = Debug|Any CPU
		{B846921D-2382-4A36-ACB2-FA84788ACEB5}.Debug|Any CPU.Build.0 = Debug|Any CPU
		{B846921D-2382-4A36-ACB2-FA84788ACEB5}.Release|Any CPU.ActiveCfg = Release|Any CPU
		{B846921D-2382-4A36-ACB2-FA84788ACEB5}.Release|Any CPU.Build.0 = Release|Any CPU
		{4F2F2970-07E4-4203-8C4A-2BB40B421AD3}.Debug|Any CPU.ActiveCfg = Debug|Any CPU
		{4F2F2970-07E4-4203-8C4A-2BB40B421AD3}.Debug|Any CPU.Build.0 = Debug|Any CPU
		{4F2F2970-07E4-4203-8C4A-2BB40B421AD3}.Release|Any CPU.ActiveCfg = Release|Any CPU
		{4F2F2970-07E4-4203-8C4A-2BB40B421AD3}.Release|Any CPU.Build.0 = Release|Any CPU
		{E32EF263-7356-4CB6-BD70-1F1818511EFC}.Debug|Any CPU.ActiveCfg = Debug|Any CPU
		{E32EF263-7356-4CB6-BD70-1F1818511EFC}.Debug|Any CPU.Build.0 = Debug|Any CPU
		{E32EF263-7356-4CB6-BD70-1F1818511EFC}.Release|Any CPU.ActiveCfg = Release|Any CPU
		{E32EF263-7356-4CB6-BD70-1F1818511EFC}.Release|Any CPU.Build.0 = Release|Any CPU
	EndGlobalSection
	GlobalSection(SolutionProperties) = preSolution
		HideSolutionNode = FALSE
	EndGlobalSection
	GlobalSection(NestedProjects) = preSolution
		{E4BFD6BC-1F1F-4D77-85EC-5CA400E3B368} = {6F9EFBFD-1F4B-4F54-87AC-ED86A0C28859}
		{010318E8-A803-4D07-A1F8-072D42BB1886} = {6F9EFBFD-1F4B-4F54-87AC-ED86A0C28859}
		{13F73404-1A3A-4087-996C-1FA8684A9C12} = {6F9EFBFD-1F4B-4F54-87AC-ED86A0C28859}
		{8C6B231E-9485-44BD-81FE-7AF983BE091A} = {6F9EFBFD-1F4B-4F54-87AC-ED86A0C28859}
		{D80BC582-6AF3-42AC-B6F9-EE563E72A2C5} = {6F9EFBFD-1F4B-4F54-87AC-ED86A0C28859}
		{669AE74A-2A4A-4632-B1FD-1FBB3A258295} = {6F9EFBFD-1F4B-4F54-87AC-ED86A0C28859}
		{A6485341-DF14-430E-B476-A30B612935D2} = {6F9EFBFD-1F4B-4F54-87AC-ED86A0C28859}
		{D4E9AF40-5FBB-46BC-BE0C-98C611A3E02B} = {6F9EFBFD-1F4B-4F54-87AC-ED86A0C28859}
		{B846921D-2382-4A36-ACB2-FA84788ACEB5} = {6F9EFBFD-1F4B-4F54-87AC-ED86A0C28859}
		{4F2F2970-07E4-4203-8C4A-2BB40B421AD3} = {6F9EFBFD-1F4B-4F54-87AC-ED86A0C28859}
		{E32EF263-7356-4CB6-BD70-1F1818511EFC} = {6F9EFBFD-1F4B-4F54-87AC-ED86A0C28859}
	EndGlobalSection
	GlobalSection(ExtensibilityGlobals) = postSolution
		SolutionGuid = {95AB41A6-7899-42E0-8683-988107E814C1}
	EndGlobalSection
EndGlobal
